
Microsoft Visual Studio Solution File, Format Version 12.00
# Visual Studio Version 17
VisualStudioVersion = 17.8.34525.116
MinimumVisualStudioVersion = 10.0.40219.1
Project("{FAE04EC0-301F-11D3-BF4B-00C04F79EFBC}") = "ParseImageDocFile", "ParseImageDocFile\ParseImageDocFile.csproj", "{0F1837A8-AE41-449B-97D9-646EE7BD2CFE}"
EndProject
Global
	GlobalSection(SolutionConfigurationPlatforms) = preSolution
		Debug|Any CPU = Debug|Any CPU
		Release|Any CPU = Release|Any CPU
	EndGlobalSection
	GlobalSection(ProjectConfigurationPlatforms) = postSolution
		{0F1837A8-AE41-449B-97D9-646EE7BD2CFE}.Debug|Any CPU.ActiveCfg = Debug|Any CPU
		{0F1837A8-AE41-449B-97D9-646EE7BD2CFE}.Debug|Any CPU.Build.0 = Debug|Any CPU
		{0F1837A8-AE41-449B-97D9-646EE7BD2CFE}.Release|Any CPU.ActiveCfg = Release|Any CPU
		{0F1837A8-AE41-449B-97D9-646EE7BD2CFE}.Release|Any CPU.Build.0 = Release|Any CPU
	EndGlobalSection
	GlobalSection(SolutionProperties) = preSolution
		HideSolutionNode = FALSE
	EndGlobalSection
	GlobalSection(ExtensibilityGlobals) = postSolution
		SolutionGuid = {26EF5407-E1D7-4242-98A3-8BD039645D3C}
	EndGlobalSection
EndGlobal
